
Microsoft Visual Studio Solution File, Format Version 12.00
# Visual Studio Version 17
VisualStudioVersion = 17.8.34316.72
MinimumVisualStudioVersion = 10.0.40219.1
Project("{FAE04EC0-301F-11D3-BF4B-00C04F79EFBC}") = "ITEC 103 ROSAL & MAKASAYAN", "ITEC 103 ROSAL & MAKASAYAN\ITEC 103 ROSAL & MAKASAYAN.csproj", "{B0E17C83-565E-4A9D-A077-BE43B843341C}"
EndProject
Global
	GlobalSection(SolutionConfigurationPlatforms) = preSolution
		Debug|Any CPU = Debug|Any CPU
		Release|Any CPU = Release|Any CPU
	EndGlobalSection
	GlobalSection(ProjectConfigurationPlatforms) = postSolution
		{B0E17C83-565E-4A9D-A077-BE43B843341C}.Debug|Any CPU.ActiveCfg = Debug|Any CPU
		{B0E17C83-565E-4A9D-A077-BE43B843341C}.Debug|Any CPU.Build.0 = Debug|Any CPU
		{B0E17C83-565E-4A9D-A077-BE43B843341C}.Release|Any CPU.ActiveCfg = Release|Any CPU
		{B0E17C83-565E-4A9D-A077-BE43B843341C}.Release|Any CPU.Build.0 = Release|Any CPU
	EndGlobalSection
	GlobalSection(SolutionProperties) = preSolution
		HideSolutionNode = FALSE
	EndGlobalSection
	GlobalSection(ExtensibilityGlobals) = postSolution
		SolutionGuid = {82D5B420-A7C3-4E1B-B9F9-27D378877737}
	EndGlobalSection
EndGlobal
